{
    "_meta": {
        "hash": {
            "sha256": "98e3d0574aad2082ce106f030773a68cefdc3b51bc258c27cc54d131e70ece74"
        },
        "pipfile-spec": 6,
        "requires": {
            "python_version": "3.8"
        },
        "sources": [
            {
                "name": "pip_conf_index_global",
                "url": "https://mirrors.aliyun.com/pypi/simple/",
                "verify_ssl": true
            }
        ]
    },
    "default": {},
    "develop": {}
}
